
Microsoft Visual Studio Solution File, Format Version 12.00
# Visual Studio Version 16
VisualStudioVersion = 16.0.30002.166
MinimumVisualStudioVersion = 10.0.40219.1
Project("{8BC9CEB8-8B4A-11D0-8D11-00A0C91BC942}") = "Project2", "Project2\Project2.vcxproj", "{A7547ACA-9B34-499D-80BA-20A3D8A7F214}"
EndProject
Global
	GlobalSection(SolutionConfigurationPlatforms) = preSolution
		Debug|x64 = Debug|x64
		Debug|x86 = Debug|x86
		Release|x64 = Release|x64
		Release|x86 = Release|x86
	EndGlobalSection
	GlobalSection(ProjectConfigurationPlatforms) = postSolution
		{A7547ACA-9B34-499D-80BA-20A3D8A7F214}.Debug|x64.ActiveCfg = Debug|x64
		{A7547ACA-9B34-499D-80BA-20A3D8A7F214}.Debug|x64.Build.0 = Debug|x64
		{A7547ACA-9B34-499D-80BA-20A3D8A7F214}.Debug|x86.ActiveCfg = Debug|Win32
		{A7547ACA-9B34-499D-80BA-20A3D8A7F214}.Debug|x86.Build.0 = Debug|Win32
		{A7547ACA-9B34-499D-80BA-20A3D8A7F214}.Release|x64.ActiveCfg = Release|x64
		{A7547ACA-9B34-499D-80BA-20A3D8A7F214}.Release|x64.Build.0 = Release|x64
		{A7547ACA-9B34-499D-80BA-20A3D8A7F214}.Release|x86.ActiveCfg = Release|Win32
		{A7547ACA-9B34-499D-80BA-20A3D8A7F214}.Release|x86.Build.0 = Release|Win32
	EndGlobalSection
	GlobalSection(SolutionProperties) = preSolution
		HideSolutionNode = FALSE
	EndGlobalSection
	GlobalSection(ExtensibilityGlobals) = postSolution
		SolutionGuid = {2E19AF27-68B1-485E-900C-00D6C85E67D3}
	EndGlobalSection
EndGlobal
